
Microsoft Visual Studio Solution File, Format Version 12.00
# Visual Studio Version 17
VisualStudioVersion = 17.4.33110.190
MinimumVisualStudioVersion = 10.0.40219.1
Project("{9A19103F-16F7-4668-BE54-9A1E7A4F7556}") = "InternalConfguration", "InternalConfguration\InternalConfguration.csproj", "{1A7863FF-EBB8-4C57-98C3-826C2476EC21}"
EndProject
Project("{9A19103F-16F7-4668-BE54-9A1E7A4F7556}") = "ExternalConfiguration", "ExternalConfiguration\ExternalConfiguration.csproj", "{37AA2F45-90F6-4127-B826-4FAFFD3E77A2}"
EndProject
Project("{9A19103F-16F7-4668-BE54-9A1E7A4F7556}") = "DependancyInjectionConfiguration", "DependancyInjectionConfiguration\DependancyInjectionConfiguration.csproj", "{3EA33309-489C-4288-AC0F-A49F27116778}"
EndProject
Global
	GlobalSection(SolutionConfigurationPlatforms) = preSolution
		Debug|Any CPU = Debug|Any CPU
		Release|Any CPU = Release|Any CPU
	EndGlobalSection
	GlobalSection(ProjectConfigurationPlatforms) = postSolution
		{1A7863FF-EBB8-4C57-98C3-826C2476EC21}.Debug|Any CPU.ActiveCfg = Debug|Any CPU
		{1A7863FF-EBB8-4C57-98C3-826C2476EC21}.Debug|Any CPU.Build.0 = Debug|Any CPU
		{1A7863FF-EBB8-4C57-98C3-826C2476EC21}.Release|Any CPU.ActiveCfg = Release|Any CPU
		{1A7863FF-EBB8-4C57-98C3-826C2476EC21}.Release|Any CPU.Build.0 = Release|Any CPU
		{37AA2F45-90F6-4127-B826-4FAFFD3E77A2}.Debug|Any CPU.ActiveCfg = Debug|Any CPU
		{37AA2F45-90F6-4127-B826-4FAFFD3E77A2}.Debug|Any CPU.Build.0 = Debug|Any CPU
		{37AA2F45-90F6-4127-B826-4FAFFD3E77A2}.Release|Any CPU.ActiveCfg = Release|Any CPU
		{37AA2F45-90F6-4127-B826-4FAFFD3E77A2}.Release|Any CPU.Build.0 = Release|Any CPU
		{3EA33309-489C-4288-AC0F-A49F27116778}.Debug|Any CPU.ActiveCfg = Debug|Any CPU
		{3EA33309-489C-4288-AC0F-A49F27116778}.Debug|Any CPU.Build.0 = Debug|Any CPU
		{3EA33309-489C-4288-AC0F-A49F27116778}.Release|Any CPU.ActiveCfg = Release|Any CPU
		{3EA33309-489C-4288-AC0F-A49F27116778}.Release|Any CPU.Build.0 = Release|Any CPU
	EndGlobalSection
	GlobalSection(SolutionProperties) = preSolution
		HideSolutionNode = FALSE
	EndGlobalSection
	GlobalSection(ExtensibilityGlobals) = postSolution
		SolutionGuid = {48B69AF3-1A98-42F0-97CD-8B0D6C76F75D}
	EndGlobalSection
EndGlobal
